
Microsoft Visual Studio Solution File, Format Version 12.00
# Visual Studio 15
VisualStudioVersion = 15.0.28307.1022
MinimumVisualStudioVersion = 10.0.40219.1
Project("{8BC9CEB8-8B4A-11D0-8D11-00A0C91BC942}") = "CppLab1_task2", "CppLab1_task2\CppLab1_task2.vcxproj", "{A746CD79-2D8C-488B-BFD7-5835292EC5F2}"
EndProject
Global
	GlobalSection(SolutionConfigurationPlatforms) = preSolution
		Debug|x64 = Debug|x64
		Debug|x86 = Debug|x86
		Release|x64 = Release|x64
		Release|x86 = Release|x86
	EndGlobalSection
	GlobalSection(ProjectConfigurationPlatforms) = postSolution
		{A746CD79-2D8C-488B-BFD7-5835292EC5F2}.Debug|x64.ActiveCfg = Debug|x64
		{A746CD79-2D8C-488B-BFD7-5835292EC5F2}.Debug|x64.Build.0 = Debug|x64
		{A746CD79-2D8C-488B-BFD7-5835292EC5F2}.Debug|x86.ActiveCfg = Debug|Win32
		{A746CD79-2D8C-488B-BFD7-5835292EC5F2}.Debug|x86.Build.0 = Debug|Win32
		{A746CD79-2D8C-488B-BFD7-5835292EC5F2}.Release|x64.ActiveCfg = Release|x64
		{A746CD79-2D8C-488B-BFD7-5835292EC5F2}.Release|x64.Build.0 = Release|x64
		{A746CD79-2D8C-488B-BFD7-5835292EC5F2}.Release|x86.ActiveCfg = Release|Win32
		{A746CD79-2D8C-488B-BFD7-5835292EC5F2}.Release|x86.Build.0 = Release|Win32
	EndGlobalSection
	GlobalSection(SolutionProperties) = preSolution
		HideSolutionNode = FALSE
	EndGlobalSection
	GlobalSection(ExtensibilityGlobals) = postSolution
		SolutionGuid = {F091206C-F4A6-4733-9286-4292B4A31330}
	EndGlobalSection
EndGlobal
